dependencies:
- name: linkerd2
  repository: https://helm.linkerd.io/stable
  version: 2.8.1
- name: nginx-ingress
  repository: https://helm.nginx.com/stable
  version: 0.5.2
- name: ledger
  repository: ""
  version: 0.0.7
digest: sha256:862d80f52b7dff95ca9ea5147db7273fff1bac0cba710df59ed3343ba2f0f333
generated: "2020-07-13T13:21:37.3207375+01:00"
